// !$*UTF8*$!
{
	archiveVersion = 1;
	classes = {
	};
	objectVersion = 56;
	objects = {

/* Begin PBXBuildFile section */
		B35468A7299AE0F400DA9D80 /* AppDelegate.swift in Sources */ = {isa = PBXBuildFile; fileRef = B35468A6299AE0F400DA9D80 /* AppDelegate.swift */; };
		B35468A9299AE0F400DA9D80 /* SceneDelegate.swift in Sources */ = {isa = PBXBuildFile; fileRef = B35468A8299AE0F400DA9D80 /* SceneDelegate.swift */; };
		B35468AE299AE0F500DA9D80 /* Main.storyboard in Resources */ = {isa = PBXBuildFile; fileRef = B35468AC299AE0F500DA9D80 /* Main.storyboard */; };
		B35468B1299AE0F500DA9D80 /* BauBuddyTaskList.xcdatamodeld in Sources */ = {isa = PBXBuildFile; fileRef = B35468AF299AE0F500DA9D80 /* BauBuddyTaskList.xcdatamodeld */; };
		B35468B3299AE0F700DA9D80 /* Assets.xcassets in Resources */ = {isa = PBXBuildFile; fileRef = B35468B2299AE0F700DA9D80 /* Assets.xcassets */; };
		B35468B6299AE0F700DA9D80 /* LaunchScreen.storyboard in Resources */ = {isa = PBXBuildFile; fileRef = B35468B4299AE0F700DA9D80 /* LaunchScreen.storyboard */; };
		B35468C1299AE0F700DA9D80 /* BauBuddyTaskListTests.swift in Sources */ = {isa = PBXBuildFile; fileRef = B35468C0299AE0F700DA9D80 /* BauBuddyTaskListTests.swift */; };
		B35468CB299AE0F700DA9D80 /* BauBuddyTaskListUITests.swift in Sources */ = {isa = PBXBuildFile; fileRef = B35468CA299AE0F700DA9D80 /* BauBuddyTaskListUITests.swift */; };
		B35468CD299AE0F700DA9D80 /* BauBuddyTaskListUITestsLaunchTests.swift in Sources */ = {isa = PBXBuildFile; fileRef = B35468CC299AE0F700DA9D80 /* BauBuddyTaskListUITestsLaunchTests.swift */; };
		B35468E3299AE16A00DA9D80 /* Oauth.swift in Sources */ = {isa = PBXBuildFile; fileRef = B35468E2299AE16A00DA9D80 /* Oauth.swift */; };
		B35468E5299AE17200DA9D80 /* Task.swift in Sources */ = {isa = PBXBuildFile; fileRef = B35468E4299AE17200DA9D80 /* Task.swift */; };
		B35468E7299AE19A00DA9D80 /* NetworkManager.swift in Sources */ = {isa = PBXBuildFile; fileRef = B35468E6299AE19A00DA9D80 /* NetworkManager.swift */; };
		B35468EB299AE8BF00DA9D80 /* CustomTableViewCell.swift in Sources */ = {isa = PBXBuildFile; fileRef = B35468E9299AE8BF00DA9D80 /* CustomTableViewCell.swift */; };
		B35468EC299AE8BF00DA9D80 /* CustomTableViewCell.xib in Resources */ = {isa = PBXBuildFile; fileRef = B35468EA299AE8BF00DA9D80 /* CustomTableViewCell.xib */; };
		B35468EF299AE8D000DA9D80 /* CustomViewController.swift in Sources */ = {isa = PBXBuildFile; fileRef = B35468ED299AE8D000DA9D80 /* CustomViewController.swift */; };
		B35468F0299AE8D000DA9D80 /* CustomViewController.xib in Resources */ = {isa = PBXBuildFile; fileRef = B35468EE299AE8D000DA9D80 /* CustomViewController.xib */; };
		B35468F7299AEEC500DA9D80 /* CustomViewModel.swift in Sources */ = {isa = PBXBuildFile; fileRef = B35468F6299AEEC500DA9D80 /* CustomViewModel.swift */; };
		B3546900299B76A300DA9D80 /* SwiftHEXColors in Frameworks */ = {isa = PBXBuildFile; productRef = B35468FF299B76A300DA9D80 /* SwiftHEXColors */; };
		B3546903299CBACB00DA9D80 /* RealmHandler.swift in Sources */ = {isa = PBXBuildFile; fileRef = B3546902299CBACB00DA9D80 /* RealmHandler.swift */; };
		B3546905299CBAF500DA9D80 /* SavedTask.swift in Sources */ = {isa = PBXBuildFile; fileRef = B3546904299CBAF500DA9D80 /* SavedTask.swift */; };
		B3546908299CBB4B00DA9D80 /* Realm in Frameworks */ = {isa = PBXBuildFile; productRef = B3546907299CBB4B00DA9D80 /* Realm */; };
		B354690A299CBB4B00DA9D80 /* RealmSwift in Frameworks */ = {isa = PBXBuildFile; productRef = B3546909299CBB4B00DA9D80 /* RealmSwift */; };
		B3AB253329A297D000909DE7 /* QRScanningViewController.swift in Sources */ = {isa = PBXBuildFile; fileRef = B3AB253129A297D000909DE7 /* QRScanningViewController.swift */; };
		B3AB253429A297D000909DE7 /* QRScanningViewController.xib in Resources */ = {isa = PBXBuildFile; fileRef = B3AB253229A297D000909DE7 /* QRScanningViewController.xib */; };
		B3AB253D29A29D9400909DE7 /* TabBarController.swift in Sources */ = {isa = PBXBuildFile; fileRef = B3AB253B29A29D9400909DE7 /* TabBarController.swift */; };
		B3AB253E29A29D9400909DE7 /* TabBarController.xib in Resources */ = {isa = PBXBuildFile; fileRef = B3AB253C29A29D9400909DE7 /* TabBarController.xib */; };
/* End PBXBuildFile section */

/* Begin PBXContainerItemProxy section */
		B35468BD299AE0F700DA9D80 /* PBXContainerItemProxy */ = {
			isa = PBXContainerItemProxy;
			containerPortal = B354689B299AE0F400DA9D80 /* Project object */;
			proxyType = 1;
			remoteGlobalIDString = B35468A2299AE0F400DA9D80;
			remoteInfo = BauBuddyTaskList;
		};
		B35468C7299AE0F700DA9D80 /* PBXContainerItemProxy */ = {
			isa = PBXContainerItemProxy;
			containerPortal = B354689B299AE0F400DA9D80 /* Project object */;
			proxyType = 1;
			remoteGlobalIDString = B35468A2299AE0F400DA9D80;
			remoteInfo = BauBuddyTaskList;
		};
/* End PBXContainerItemProxy section */

/* Begin PBXFileReference section */
		B35468A3299AE0F400DA9D80 /* BauBuddyTaskList.app */ = {isa = PBXFileReference; explicitFileType = wrapper.application; includeInIndex = 0; path = BauBuddyTaskList.app; sourceTree = BUILT_PRODUCTS_DIR; };
		B35468A6299AE0F400DA9D80 /* AppDelegate.swift */ = {isa = PBXFileReference; lastKnownFileType = sourcecode.swift; path = AppDelegate.swift; sourceTree = "<group>"; };
		B35468A8299AE0F400DA9D80 /* SceneDelegate.swift */ = {isa = PBXFileReference; lastKnownFileType = sourcecode.swift; path = SceneDelegate.swift; sourceTree = "<group>"; };
		B35468AD299AE0F500DA9D80 /* Base */ = {isa = PBXFileReference; lastKnownFileType = file.storyboard; name = Base; path = Base.lproj/Main.storyboard; sourceTree = "<group>"; };
		B35468B0299AE0F500DA9D80 /* BauBuddyTaskList.xcdatamodel */ = {isa = PBXFileReference; lastKnownFileType = wrapper.xcdatamodel; path = BauBuddyTaskList.xcdatamodel; sourceTree = "<group>"; };
		B35468B2299AE0F700DA9D80 /* Assets.xcassets */ = {isa = PBXFileReference; lastKnownFileType = folder.assetcatalog; path = Assets.xcassets; sourceTree = "<group>"; };
		B35468B5299AE0F700DA9D80 /* Base */ = {isa = PBXFileReference; lastKnownFileType = file.storyboard; name = Base; path = Base.lproj/LaunchScreen.storyboard; sourceTree = "<group>"; };
		B35468B7299AE0F700DA9D80 /* Info.plist */ = {isa = PBXFileReference; lastKnownFileType = text.plist.xml; path = Info.plist; sourceTree = "<group>"; };
		B35468BC299AE0F700DA9D80 /* BauBuddyTaskListTests.xctest */ = {isa = PBXFileReference; explicitFileType = wrapper.cfbundle; includeInIndex = 0; path = BauBuddyTaskListTests.xctest; sourceTree = BUILT_PRODUCTS_DIR; };
		B35468C0299AE0F700DA9D80 /* BauBuddyTaskListTests.swift */ = {isa = PBXFileReference; lastKnownFileType = sourcecode.swift; path = BauBuddyTaskListTests.swift; sourceTree = "<group>"; };
		B35468C6299AE0F700DA9D80 /* BauBuddyTaskListUITests.xctest */ = {isa = PBXFileReference; explicitFileType = wrapper.cfbundle; includeInIndex = 0; path = BauBuddyTaskListUITests.xctest; sourceTree = BUILT_PRODUCTS_DIR; };
		B35468CA299AE0F700DA9D80 /* BauBuddyTaskListUITests.swift */ = {isa = PBXFileReference; lastKnownFileType = sourcecode.swift; path = BauBuddyTaskListUITests.swift; sourceTree = "<group>"; };
		B35468CC299AE0F700DA9D80 /* BauBuddyTaskListUITestsLaunchTests.swift */ = {isa = PBXFileReference; lastKnownFileType = sourcecode.swift; path = BauBuddyTaskListUITestsLaunchTests.swift; sourceTree = "<group>"; };
		B35468E2299AE16A00DA9D80 /* Oauth.swift */ = {isa = PBXFileReference; lastKnownFileType = sourcecode.swift; path = Oauth.swift; sourceTree = "<group>"; };
		B35468E4299AE17200DA9D80 /* Task.swift */ = {isa = PBXFileReference; lastKnownFileType = sourcecode.swift; path = Task.swift; sourceTree = "<group>"; };
		B35468E6299AE19A00DA9D80 /* NetworkManager.swift */ = {isa = PBXFileReference; lastKnownFileType = sourcecode.swift; path = NetworkManager.swift; sourceTree = "<group>"; };
		B35468E9299AE8BF00DA9D80 /* CustomTableViewCell.swift */ = {isa = PBXFileReference; lastKnownFileType = sourcecode.swift; path = CustomTableViewCell.swift; sourceTree = "<group>"; };
		B35468EA299AE8BF00DA9D80 /* CustomTableViewCell.xib */ = {isa = PBXFileReference; lastKnownFileType = file.xib; path = CustomTableViewCell.xib; sourceTree = "<group>"; };
		B35468ED299AE8D000DA9D80 /* CustomViewController.swift */ = {isa = PBXFileReference; lastKnownFileType = sourcecode.swift; path = CustomViewController.swift; sourceTree = "<group>"; };
		B35468EE299AE8D000DA9D80 /* CustomViewController.xib */ = {isa = PBXFileReference; lastKnownFileType = file.xib; path = CustomViewController.xib; sourceTree = "<group>"; };
		B35468F6299AEEC500DA9D80 /* CustomViewModel.swift */ = {isa = PBXFileReference; lastKnownFileType = sourcecode.swift; path = CustomViewModel.swift; sourceTree = "<group>"; };
		B3546902299CBACB00DA9D80 /* RealmHandler.swift */ = {isa = PBXFileReference; lastKnownFileType = sourcecode.swift; path = RealmHandler.swift; sourceTree = "<group>"; };
		B3546904299CBAF500DA9D80 /* SavedTask.swift */ = {isa = PBXFileReference; lastKnownFileType = sourcecode.swift; path = SavedTask.swift; sourceTree = "<group>"; };
		B3AB253129A297D000909DE7 /* QRScanningViewController.swift */ = {isa = PBXFileReference; lastKnownFileType = sourcecode.swift; path = QRScanningViewController.swift; sourceTree = "<group>"; };
		B3AB253229A297D000909DE7 /* QRScanningViewController.xib */ = {isa = PBXFileReference; lastKnownFileType = file.xib; path = QRScanningViewController.xib; sourceTree = "<group>"; };
		B3AB253B29A29D9400909DE7 /* TabBarController.swift */ = {isa = PBXFileReference; lastKnownFileType = sourcecode.swift; path = TabBarController.swift; sourceTree = "<group>"; };
		B3AB253C29A29D9400909DE7 /* TabBarController.xib */ = {isa = PBXFileReference; lastKnownFileType = file.xib; path = TabBarController.xib; sourceTree = "<group>"; };
/* End PBXFileReference section */

/* Begin PBXFrameworksBuildPhase section */
		B35468A0299AE0F400DA9D80 /* Frameworks */ = {
			isa = PBXFrameworksBuildPhase;
			buildActionMask = 2147483647;
			files = (
				B354690A299CBB4B00DA9D80 /* RealmSwift in Frameworks */,
				B3546908299CBB4B00DA9D80 /* Realm in Frameworks */,
				B3546900299B76A300DA9D80 /* SwiftHEXColors in Frameworks */,
			);
			runOnlyForDeploymentPostprocessing = 0;
		};
		B35468B9299AE0F700DA9D80 /* Frameworks */ = {
			isa = PBXFrameworksBuildPhase;
			buildActionMask = 2147483647;
			files = (
			);
			runOnlyForDeploymentPostprocessing = 0;
		};
		B35468C3299AE0F700DA9D80 /* Frameworks */ = {
			isa = PBXFrameworksBuildPhase;
			buildActionMask = 2147483647;
			files = (
			);
			runOnlyForDeploymentPostprocessing = 0;
		};
/* End PBXFrameworksBuildPhase section */

/* Begin PBXGroup section */
		B354689A299AE0F400DA9D80 = {
			isa = PBXGroup;
			children = (
				B35468A5299AE0F400DA9D80 /* BauBuddyTaskList */,
				B35468BF299AE0F700DA9D80 /* BauBuddyTaskListTests */,
				B35468C9299AE0F700DA9D80 /* BauBuddyTaskListUITests */,
				B35468A4299AE0F400DA9D80 /* Products */,
			);
			sourceTree = "<group>";
		};
		B35468A4299AE0F400DA9D80 /* Products */ = {
			isa = PBXGroup;
			children = (
				B35468A3299AE0F400DA9D80 /* BauBuddyTaskList.app */,
				B35468BC299AE0F700DA9D80 /* BauBuddyTaskListTests.xctest */,
				B35468C6299AE0F700DA9D80 /* BauBuddyTaskListUITests.xctest */,
			);
			name = Products;
			sourceTree = "<group>";
		};
		B35468A5299AE0F400DA9D80 /* BauBuddyTaskList */ = {
			isa = PBXGroup;
			children = (
				B3546901299CBAB600DA9D80 /* LocalStorage */,
				B35468F2299AE9E800DA9D80 /* Base */,
				B35468F1299AE9DC00DA9D80 /* Support */,
				B35468E1299AE15900DA9D80 /* NetworkManager */,
				B3AB253929A29AC400909DE7 /* Modules */,
				B35468B7299AE0F700DA9D80 /* Info.plist */,
				B35468AF299AE0F500DA9D80 /* BauBuddyTaskList.xcdatamodeld */,
			);
			path = BauBuddyTaskList;
			sourceTree = "<group>";
		};
		B35468BF299AE0F700DA9D80 /* BauBuddyTaskListTests */ = {
			isa = PBXGroup;
			children = (
				B35468C0299AE0F700DA9D80 /* BauBuddyTaskListTests.swift */,
			);
			path = BauBuddyTaskListTests;
			sourceTree = "<group>";
		};
		B35468C9299AE0F700DA9D80 /* BauBuddyTaskListUITests */ = {
			isa = PBXGroup;
			children = (
				B35468CA299AE0F700DA9D80 /* BauBuddyTaskListUITests.swift */,
				B35468CC299AE0F700DA9D80 /* BauBuddyTaskListUITestsLaunchTests.swift */,
			);
			path = BauBuddyTaskListUITests;
			sourceTree = "<group>";
		};
		B35468E1299AE15900DA9D80 /* NetworkManager */ = {
			isa = PBXGroup;
			children = (
				B35468E6299AE19A00DA9D80 /* NetworkManager.swift */,
			);
			path = NetworkManager;
			sourceTree = "<group>";
		};
		B35468E8299AE89100DA9D80 /* CustomView */ = {
			isa = PBXGroup;
			children = (
				B3AB253729A2981C00909DE7 /* Model */,
				B3AB253629A2980A00909DE7 /* ViewModel */,
				B35468F8299AEF9900DA9D80 /* View */,
			);
			path = CustomView;
			sourceTree = "<group>";
		};
		B35468F1299AE9DC00DA9D80 /* Support */ = {
			isa = PBXGroup;
			children = (
				B35468A6299AE0F400DA9D80 /* AppDelegate.swift */,
				B35468A8299AE0F400DA9D80 /* SceneDelegate.swift */,
			);
			path = Support;
			sourceTree = "<group>";
		};
		B35468F2299AE9E800DA9D80 /* Base */ = {
			isa = PBXGroup;
			children = (
				B35468B2299AE0F700DA9D80 /* Assets.xcassets */,
				B35468B4299AE0F700DA9D80 /* LaunchScreen.storyboard */,
				B35468AC299AE0F500DA9D80 /* Main.storyboard */,
			);
			path = Base;
			sourceTree = "<group>";
		};
		B35468F8299AEF9900DA9D80 /* View */ = {
			isa = PBXGroup;
			children = (
				B35468ED299AE8D000DA9D80 /* CustomViewController.swift */,
				B35468EE299AE8D000DA9D80 /* CustomViewController.xib */,
				B35468F9299AEF9E00DA9D80 /* Cell */,
			);
			path = View;
			sourceTree = "<group>";
		};
		B35468F9299AEF9E00DA9D80 /* Cell */ = {
			isa = PBXGroup;
			children = (
				B35468E9299AE8BF00DA9D80 /* CustomTableViewCell.swift */,
				B35468EA299AE8BF00DA9D80 /* CustomTableViewCell.xib */,
			);
			path = Cell;
			sourceTree = "<group>";
		};
		B3546901299CBAB600DA9D80 /* LocalStorage */ = {
			isa = PBXGroup;
			children = (
				B3546902299CBACB00DA9D80 /* RealmHandler.swift */,
				B354690B299CBCAE00DA9D80 /* Model */,
			);
			path = LocalStorage;
			sourceTree = "<group>";
		};
		B354690B299CBCAE00DA9D80 /* Model */ = {
			isa = PBXGroup;
			children = (
				B3546904299CBAF500DA9D80 /* SavedTask.swift */,
			);
			path = Model;
			sourceTree = "<group>";
		};
		B3AB253529A297F000909DE7 /* QRScanningView */ = {
			isa = PBXGroup;
			children = (
				B3AB253129A297D000909DE7 /* QRScanningViewController.swift */,
				B3AB253229A297D000909DE7 /* QRScanningViewController.xib */,
			);
			path = QRScanningView;
			sourceTree = "<group>";
		};
		B3AB253629A2980A00909DE7 /* ViewModel */ = {
			isa = PBXGroup;
			children = (
				B35468F6299AEEC500DA9D80 /* CustomViewModel.swift */,
			);
			path = ViewModel;
			sourceTree = "<group>";
		};
		B3AB253729A2981C00909DE7 /* Model */ = {
			isa = PBXGroup;
			children = (
				B35468E2299AE16A00DA9D80 /* Oauth.swift */,
				B35468E4299AE17200DA9D80 /* Task.swift */,
			);
			path = Model;
			sourceTree = "<group>";
		};
		B3AB253929A29AC400909DE7 /* Modules */ = {
			isa = PBXGroup;
			children = (
				B3AB253A29A29D6600909DE7 /* Tabbar */,
				B35468E8299AE89100DA9D80 /* CustomView */,
				B3AB253529A297F000909DE7 /* QRScanningView */,
			);
			path = Modules;
			sourceTree = "<group>";
		};
		B3AB253A29A29D6600909DE7 /* Tabbar */ = {
			isa = PBXGroup;
			children = (
				B3AB253B29A29D9400909DE7 /* TabBarController.swift */,
				B3AB253C29A29D9400909DE7 /* TabBarController.xib */,
			);
			path = Tabbar;
			sourceTree = "<group>";
		};
/* End PBXGroup section */

/* Begin PBXNativeTarget section */
		B35468A2299AE0F400DA9D80 /* BauBuddyTaskList */ = {
			isa = PBXNativeTarget;
			buildConfigurationList = B35468D0299AE0F700DA9D80 /* Build configuration list for PBXNativeTarget "BauBuddyTaskList" */;
			buildPhases = (
				B354689F299AE0F400DA9D80 /* Sources */,
				B35468A0299AE0F400DA9D80 /* Frameworks */,
				B35468A1299AE0F400DA9D80 /* Resources */,
			);
			buildRules = (
			);
			dependencies = (
			);
			name = BauBuddyTaskList;
			packageProductDependencies = (
				B35468FF299B76A300DA9D80 /* SwiftHEXColors */,
				B3546907299CBB4B00DA9D80 /* Realm */,
				B3546909299CBB4B00DA9D80 /* RealmSwift */,
			);
			productName = BauBuddyTaskList;
			productReference = B35468A3299AE0F400DA9D80 /* BauBuddyTaskList.app */;
			productType = "com.apple.product-type.application";
		};
		B35468BB299AE0F700DA9D80 /* BauBuddyTaskListTests */ = {
			isa = PBXNativeTarget;
			buildConfigurationList = B35468D3299AE0F700DA9D80 /* Build configuration list for PBXNativeTarget "BauBuddyTaskListTests" */;
			buildPhases = (
				B35468B8299AE0F700DA9D80 /* Sources */,
				B35468B9299AE0F700DA9D80 /* Frameworks */,
				B35468BA299AE0F700DA9D80 /* Resources */,
			);
			buildRules = (
			);
			dependencies = (
				B35468BE299AE0F700DA9D80 /* PBXTargetDependency */,
			);
			name = BauBuddyTaskListTests;
			productName = BauBuddyTaskListTests;
			productReference = B35468BC299AE0F700DA9D80 /* BauBuddyTaskListTests.xctest */;
			productType = "com.apple.product-type.bundle.unit-test";
		};
		B35468C5299AE0F700DA9D80 /* BauBuddyTaskListUITests */ = {
			isa = PBXNativeTarget;
			buildConfigurationList = B35468D6299AE0F700DA9D80 /* Build configuration list for PBXNativeTarget "BauBuddyTaskListUITests" */;
			buildPhases = (
				B35468C2299AE0F700DA9D80 /* Sources */,
				B35468C3299AE0F700DA9D80 /* Frameworks */,
				B35468C4299AE0F700DA9D80 /* Resources */,
			);
			buildRules = (
			);
			dependencies = (
				B35468C8299AE0F700DA9D80 /* PBXTargetDependency */,
			);
			name = BauBuddyTaskListUITests;
			productName = BauBuddyTaskListUITests;
			productReference = B35468C6299AE0F700DA9D80 /* BauBuddyTaskListUITests.xctest */;
			productType = "com.apple.product-type.bundle.ui-testing";
		};
/* End PBXNativeTarget section */

/* Begin PBXProject section */
		B354689B299AE0F400DA9D80 /* Project object */ = {
			isa = PBXProject;
			attributes = {
				BuildIndependentTargetsInParallel = 1;
				LastSwiftUpdateCheck = 1420;
				LastUpgradeCheck = 1420;
				TargetAttributes = {
					B35468A2299AE0F400DA9D80 = {
						CreatedOnToolsVersion = 14.2;
					};
					B35468BB299AE0F700DA9D80 = {
						CreatedOnToolsVersion = 14.2;
						TestTargetID = B35468A2299AE0F400DA9D80;
					};
					B35468C5299AE0F700DA9D80 = {
						CreatedOnToolsVersion = 14.2;
						TestTargetID = B35468A2299AE0F400DA9D80;
					};
				};
			};
			buildConfigurationList = B354689E299AE0F400DA9D80 /* Build configuration list for PBXProject "BauBuddyTaskList" */;
			compatibilityVersion = "Xcode 14.0";
			developmentRegion = en;
			hasScannedForEncodings = 0;
			knownRegions = (
				en,
				Base,
			);
			mainGroup = B354689A299AE0F400DA9D80;
			packageReferences = (
				B35468FE299B76A300DA9D80 /* XCRemoteSwiftPackageReference "SwiftHEXColors" */,
				B3546906299CBB4B00DA9D80 /* XCRemoteSwiftPackageReference "realm-swift" */,
			);
			productRefGroup = B35468A4299AE0F400DA9D80 /* Products */;
			projectDirPath = "";
			projectRoot = "";
			targets = (
				B35468A2299AE0F400DA9D80 /* BauBuddyTaskList */,
				B35468BB299AE0F700DA9D80 /* BauBuddyTaskListTests */,
				B35468C5299AE0F700DA9D80 /* BauBuddyTaskListUITests */,
			);
		};
/* End PBXProject section */

/* Begin PBXResourcesBuildPhase section */
		B35468A1299AE0F400DA9D80 /* Resources */ = {
			isa = PBXResourcesBuildPhase;
			buildActionMask = 2147483647;
			files = (
				B3AB253429A297D000909DE7 /* QRScanningViewController.xib in Resources */,
				B35468B6299AE0F700DA9D80 /* LaunchScreen.storyboard in Resources */,
				B35468F0299AE8D000DA9D80 /* CustomViewController.xib in Resources */,
				B3AB253E29A29D9400909DE7 /* TabBarController.xib in Resources */,
				B35468B3299AE0F700DA9D80 /* Assets.xcassets in Resources */,
				B35468EC299AE8BF00DA9D80 /* CustomTableViewCell.xib in Resources */,
				B35468AE299AE0F500DA9D80 /* Main.storyboard in Resources */,
			);
			runOnlyForDeploymentPostprocessing = 0;
		};
		B35468BA299AE0F700DA9D80 /* Resources */ = {
			isa = PBXResourcesBuildPhase;
			buildActionMask = 2147483647;
			files = (
			);
			runOnlyForDeploymentPostprocessing = 0;
		};
		B35468C4299AE0F700DA9D80 /* Resources */ = {
			isa = PBXResourcesBuildPhase;
			buildActionMask = 2147483647;
			files = (
			);
			runOnlyForDeploymentPostprocessing = 0;
		};
/* End PBXResourcesBuildPhase section */

/* Begin PBXSourcesBuildPhase section */
		B354689F299AE0F400DA9D80 /* Sources */ = {
			isa = PBXSourcesBuildPhase;
			buildActionMask = 2147483647;
			files = (
				B3AB253329A297D000909DE7 /* QRScanningViewController.swift in Sources */,
				B3AB253D29A29D9400909DE7 /* TabBarController.swift in Sources */,
				B35468EF299AE8D000DA9D80 /* CustomViewController.swift in Sources */,
				B3546905299CBAF500DA9D80 /* SavedTask.swift in Sources */,
				B35468B1299AE0F500DA9D80 /* BauBuddyTaskList.xcdatamodeld in Sources */,
				B35468EB299AE8BF00DA9D80 /* CustomTableViewCell.swift in Sources */,
				B35468A7299AE0F400DA9D80 /* AppDelegate.swift in Sources */,
				B35468E7299AE19A00DA9D80 /* NetworkManager.swift in Sources */,
				B35468A9299AE0F400DA9D80 /* SceneDelegate.swift in Sources */,
				B3546903299CBACB00DA9D80 /* RealmHandler.swift in Sources */,
				B35468F7299AEEC500DA9D80 /* CustomViewModel.swift in Sources */,
				B35468E5299AE17200DA9D80 /* Task.swift in Sources */,
				B35468E3299AE16A00DA9D80 /* Oauth.swift in Sources */,
			);
			runOnlyForDeploymentPostprocessing = 0;
		};
		B35468B8299AE0F700DA9D80 /* Sources */ = {
			isa = PBXSourcesBuildPhase;
			buildActionMask = 2147483647;
			files = (
				B35468C1299AE0F700DA9D80 /* BauBuddyTaskListTests.swift in Sources */,
			);
			runOnlyForDeploymentPostprocessing = 0;
		};
		B35468C2299AE0F700DA9D80 /* Sources */ = {
			isa = PBXSourcesBuildPhase;
			buildActionMask = 2147483647;
			files = (
				B35468CB299AE0F700DA9D80 /* BauBuddyTaskListUITests.swift in Sources */,
				B35468CD299AE0F700DA9D80 /* BauBuddyTaskListUITestsLaunchTests.swift in Sources */,
			);
			runOnlyForDeploymentPostprocessing = 0;
		};
/* End PBXSourcesBuildPhase section */

/* Begin PBXTargetDependency section */
		B35468BE299AE0F700DA9D80 /* PBXTargetDependency */ = {
			isa = PBXTargetDependency;
			target = B35468A2299AE0F400DA9D80 /* BauBuddyTaskList */;
			targetProxy = B35468BD299AE0F700DA9D80 /* PBXContainerItemProxy */;
		};
		B35468C8299AE0F700DA9D80 /* PBXTargetDependency */ = {
			isa = PBXTargetDependency;
			target = B35468A2299AE0F400DA9D80 /* BauBuddyTaskList */;
			targetProxy = B35468C7299AE0F700DA9D80 /* PBXContainerItemProxy */;
		};
/* End PBXTargetDependency section */

/* Begin PBXVariantGroup section */
		B35468AC299AE0F500DA9D80 /* Main.storyboard */ = {
			isa = PBXVariantGroup;
			children = (
				B35468AD299AE0F500DA9D80 /* Base */,
			);
			name = Main.storyboard;
			sourceTree = "<group>";
		};
		B35468B4299AE0F700DA9D80 /* LaunchScreen.storyboard */ = {
			isa = PBXVariantGroup;
			children = (
				B35468B5299AE0F700DA9D80 /* Base */,
			);
			name = LaunchScreen.storyboard;
			sourceTree = "<group>";
		};
/* End PBXVariantGroup section */

/* Begin XCBuildConfiguration section */
		B35468CE299AE0F700DA9D80 /* Debug */ = {
			isa = XCBuildConfiguration;
			buildSettings = {
				ALWAYS_SEARCH_USER_PATHS = NO;
				CLANG_ANALYZER_NONNULL = YES;
				CLANG_ANALYZER_NUMBER_OBJECT_CONVERSION = YES_AGGRESSIVE;
				CLANG_CXX_LANGUAGE_STANDARD = "gnu++20";
				CLANG_ENABLE_MODULES = YES;
				CLANG_ENABLE_OBJC_ARC = YES;
				CLANG_ENABLE_OBJC_WEAK = YES;
				CLANG_WARN_BLOCK_CAPTURE_AUTORELEASING = YES;
				CLANG_WARN_BOOL_CONVERSION = YES;
				CLANG_WARN_COMMA = YES;
				CLANG_WARN_CONSTANT_CONVERSION = YES;
				CLANG_WARN_DEPRECATED_OBJC_IMPLEMENTATIONS = YES;
				CLANG_WARN_DIRECT_OBJC_ISA_USAGE = YES_ERROR;
				CLANG_WARN_DOCUMENTATION_COMMENTS = YES;
				CLANG_WARN_EMPTY_BODY = YES;
				CLANG_WARN_ENUM_CONVERSION = YES;
				CLANG_WARN_INFINITE_RECURSION = YES;
				CLANG_WARN_INT_CONVERSION = YES;
				CLANG_WARN_NON_LITERAL_NULL_CONVERSION = YES;
				CLANG_WARN_OBJC_IMPLICIT_RETAIN_SELF = YES;
				CLANG_WARN_OBJC_LITERAL_CONVERSION = YES;
				CLANG_WARN_OBJC_ROOT_CLASS = YES_ERROR;
				CLANG_WARN_QUOTED_INCLUDE_IN_FRAMEWORK_HEADER = YES;
				CLANG_WARN_RANGE_LOOP_ANALYSIS = YES;
				CLANG_WARN_STRICT_PROTOTYPES = YES;
				CLANG_WARN_SUSPICIOUS_MOVE = YES;
				CLANG_WARN_UNGUARDED_AVAILABILITY = YES_AGGRESSIVE;
				CLANG_WARN_UNREACHABLE_CODE = YES;
				CLANG_WARN__DUPLICATE_METHOD_MATCH = YES;
				COPY_PHASE_STRIP = NO;
				DEBUG_INFORMATION_FORMAT = dwarf;
				ENABLE_STRICT_OBJC_MSGSEND = YES;
				ENABLE_TESTABILITY = YES;
				GCC_C_LANGUAGE_STANDARD = gnu11;
				GCC_DYNAMIC_NO_PIC = NO;
				GCC_NO_COMMON_BLOCKS = YES;
				GCC_OPTIMIZATION_LEVEL = 0;
				GCC_PREPROCESSOR_DEFINITIONS = (
					"DEBUG=1",
					"$(inherited)",
				);
				GCC_WARN_64_TO_32_BIT_CONVERSION = YES;
				GCC_WARN_ABOUT_RETURN_TYPE = YES_ERROR;
				GCC_WARN_UNDECLARED_SELECTOR = YES;
				GCC_WARN_UNINITIALIZED_AUTOS = YES_AGGRESSIVE;
				GCC_WARN_UNUSED_FUNCTION = YES;
				GCC_WARN_UNUSED_VARIABLE = YES;
				IPHONEOS_DEPLOYMENT_TARGET = 16.2;
				MTL_ENABLE_DEBUG_INFO = INCLUDE_SOURCE;
				MTL_FAST_MATH = YES;
				ONLY_ACTIVE_ARCH = YES;
				SDKROOT = iphoneos;
				SWIFT_ACTIVE_COMPILATION_CONDITIONS = DEBUG;
				SWIFT_OPTIMIZATION_LEVEL = "-Onone";
			};
			name = Debug;
		};
		B35468CF299AE0F700DA9D80 /* Release */ = {
			isa = XCBuildConfiguration;
			buildSettings = {
				ALWAYS_SEARCH_USER_PATHS = NO;
				CLANG_ANALYZER_NONNULL = YES;
				CLANG_ANALYZER_NUMBER_OBJECT_CONVERSION = YES_AGGRESSIVE;
				CLANG_CXX_LANGUAGE_STANDARD = "gnu++20";
				CLANG_ENABLE_MODULES = YES;
				CLANG_ENABLE_OBJC_ARC = YES;
				CLANG_ENABLE_OBJC_WEAK = YES;
				CLANG_WARN_BLOCK_CAPTURE_AUTORELEASING = YES;
				CLANG_WARN_BOOL_CONVERSION = YES;
				CLANG_WARN_COMMA = YES;
				CLANG_WARN_CONSTANT_CONVERSION = YES;
				CLANG_WARN_DEPRECATED_OBJC_IMPLEMENTATIONS = YES;
				CLANG_WARN_DIRECT_OBJC_ISA_USAGE = YES_ERROR;
				CLANG_WARN_DOCUMENTATION_COMMENTS = YES;
				CLANG_WARN_EMPTY_BODY = YES;
				CLANG_WARN_ENUM_CONVERSION = YES;
				CLANG_WARN_INFINITE_RECURSION = YES;
				CLANG_WARN_INT_CONVERSION = YES;
				CLANG_WARN_NON_LITERAL_NULL_CONVERSION = YES;
				CLANG_WARN_OBJC_IMPLICIT_RETAIN_SELF = YES;
				CLANG_WARN_OBJC_LITERAL_CONVERSION = YES;
				CLANG_WARN_OBJC_ROOT_CLASS = YES_ERROR;
				CLANG_WARN_QUOTED_INCLUDE_IN_FRAMEWORK_HEADER = YES;
				CLANG_WARN_RANGE_LOOP_ANALYSIS = YES;
				CLANG_WARN_STRICT_PROTOTYPES = YES;
				CLANG_WARN_SUSPICIOUS_MOVE = YES;
				CLANG_WARN_UNGUARDED_AVAILABILITY = YES_AGGRESSIVE;
				CLANG_WARN_UNREACHABLE_CODE = YES;
				CLANG_WARN__DUPLICATE_METHOD_MATCH = YES;
				COPY_PHASE_STRIP = NO;
				DEBUG_INFORMATION_FORMAT = "dwarf-with-dsym";
				ENABLE_NS_ASSERTIONS = NO;
				ENABLE_STRICT_OBJC_MSGSEND = YES;
				GCC_C_LANGUAGE_STANDARD = gnu11;
				GCC_NO_COMMON_BLOCKS = YES;
				GCC_WARN_64_TO_32_BIT_CONVERSION = YES;
				GCC_WARN_ABOUT_RETURN_TYPE = YES_ERROR;
				GCC_WARN_UNDECLARED_SELECTOR = YES;
				GCC_WARN_UNINITIALIZED_AUTOS = YES_AGGRESSIVE;
				GCC_WARN_UNUSED_FUNCTION = YES;
				GCC_WARN_UNUSED_VARIABLE = YES;
				IPHONEOS_DEPLOYMENT_TARGET = 16.2;
				MTL_ENABLE_DEBUG_INFO = NO;
				MTL_FAST_MATH = YES;
				SDKROOT = iphoneos;
				SWIFT_COMPILATION_MODE = wholemodule;
				SWIFT_OPTIMIZATION_LEVEL = "-O";
				VALIDATE_PRODUCT = YES;
			};
			name = Release;
		};
		B35468D1299AE0F700DA9D80 /* Debug */ = {
			isa = XCBuildConfiguration;
			buildSettings = {
				ASSETCATALOG_COMPILER_APPICON_NAME = AppIcon;
				ASSETCATALOG_COMPILER_GLOBAL_ACCENT_COLOR_NAME = AccentColor;
				CODE_SIGN_STYLE = Automatic;
				CURRENT_PROJECT_VERSION = 1;
				DEVELOPMENT_TEAM = 3VFN5926F6;
				GENERATE_INFOPLIST_FILE = YES;
				INFOPLIST_FILE = BauBuddyTaskList/Info.plist;
				INFOPLIST_KEY_UIApplicationSupportsIndirectInputEvents = YES;
				INFOPLIST_KEY_UILaunchStoryboardName = LaunchScreen;
				INFOPLIST_KEY_UIMainStoryboardFile = Main;
				INFOPLIST_KEY_UISupportedInterfaceOrientations_iPad = "UIInterfaceOrientationPortrait UIInterfaceOrientationPortraitUpsideDown UIInterfaceOrientationLandscapeLeft UIInterfaceOrientationLandscapeRight";
				INFOPLIST_KEY_UISupportedInterfaceOrientations_iPhone = "UIInterfaceOrientationPortrait UIInterfaceOrientationLandscapeLeft UIInterfaceOrientationLandscapeRight";
				LD_RUNPATH_SEARCH_PATHS = (
					"$(inherited)",
					"@executable_path/Frameworks",
				);
				MARKETING_VERSION = 1.0;
				PRODUCT_BUNDLE_IDENTIFIER = com.senakurtak.BauBuddyTaskList;
				PRODUCT_NAME = "$(TARGET_NAME)";
				SWIFT_EMIT_LOC_STRINGS = YES;
				SWIFT_VERSION = 5.0;
				TARGETED_DEVICE_FAMILY = "1,2";
			};
			name = Debug;
		};
		B35468D2299AE0F700DA9D80 /* Release */ = {
			isa = XCBuildConfiguration;
			buildSettings = {
				ASSETCATALOG_COMPILER_APPICON_NAME = AppIcon;
				ASSETCATALOG_COMPILER_GLOBAL_ACCENT_COLOR_NAME = AccentColor;
				CODE_SIGN_STYLE = Automatic;
				CURRENT_PROJECT_VERSION = 1;
				DEVELOPMENT_TEAM = 3VFN5926F6;
				GENERATE_INFOPLIST_FILE = YES;
				INFOPLIST_FILE = BauBuddyTaskList/Info.plist;
				INFOPLIST_KEY_UIApplicationSupportsIndirectInputEvents = YES;
				INFOPLIST_KEY_UILaunchStoryboardName = LaunchScreen;
				INFOPLIST_KEY_UIMainStoryboardFile = Main;
				INFOPLIST_KEY_UISupportedInterfaceOrientations_iPad = "UIInterfaceOrientationPortrait UIInterfaceOrientationPortraitUpsideDown UIInterfaceOrientationLandscapeLeft UIInterfaceOrientationLandscapeRight";
				INFOPLIST_KEY_UISupportedInterfaceOrientations_iPhone = "UIInterfaceOrientationPortrait UIInterfaceOrientationLandscapeLeft UIInterfaceOrientationLandscapeRight";
				LD_RUNPATH_SEARCH_PATHS = (
					"$(inherited)",
					"@executable_path/Frameworks",
				);
				MARKETING_VERSION = 1.0;
				PRODUCT_BUNDLE_IDENTIFIER = com.senakurtak.BauBuddyTaskList;
				PRODUCT_NAME = "$(TARGET_NAME)";
				SWIFT_EMIT_LOC_STRINGS = YES;
				SWIFT_VERSION = 5.0;
				TARGETED_DEVICE_FAMILY = "1,2";
			};
			name = Release;
		};
		B35468D4299AE0F700DA9D80 /* Debug */ = {
			isa = XCBuildConfiguration;
			buildSettings = {
				ALWAYS_EMBED_SWIFT_STANDARD_LIBRARIES = YES;
				BUNDLE_LOADER = "$(TEST_HOST)";
				CODE_SIGN_STYLE = Automatic;
				CURRENT_PROJECT_VERSION = 1;
				DEVELOPMENT_TEAM = 3VFN5926F6;
				GENERATE_INFOPLIST_FILE = YES;
				IPHONEOS_DEPLOYMENT_TARGET = 16.2;
				MARKETING_VERSION = 1.0;
				PRODUCT_BUNDLE_IDENTIFIER = com.senakurtak.BauBuddyTaskListTests;
				PRODUCT_NAME = "$(TARGET_NAME)";
				SWIFT_EMIT_LOC_STRINGS = NO;
				SWIFT_VERSION = 5.0;
				TARGETED_DEVICE_FAMILY = "1,2";
				TEST_HOST = "$(BUILT_PRODUCTS_DIR)/BauBuddyTaskList.app/$(BUNDLE_EXECUTABLE_FOLDER_PATH)/BauBuddyTaskList";
			};
			name = Debug;
		};
		B35468D5299AE0F700DA9D80 /* Release */ = {
			isa = XCBuildConfiguration;
			buildSettings = {
				ALWAYS_EMBED_SWIFT_STANDARD_LIBRARIES = YES;
				BUNDLE_LOADER = "$(TEST_HOST)";
				CODE_SIGN_STYLE = Automatic;
				CURRENT_PROJECT_VERSION = 1;
				DEVELOPMENT_TEAM = 3VFN5926F6;
				GENERATE_INFOPLIST_FILE = YES;
				IPHONEOS_DEPLOYMENT_TARGET = 16.2;
				MARKETING_VERSION = 1.0;
				PRODUCT_BUNDLE_IDENTIFIER = com.senakurtak.BauBuddyTaskListTests;
				PRODUCT_NAME = "$(TARGET_NAME)";
				SWIFT_EMIT_LOC_STRINGS = NO;
				SWIFT_VERSION = 5.0;
				TARGETED_DEVICE_FAMILY = "1,2";
				TEST_HOST = "$(BUILT_PRODUCTS_DIR)/BauBuddyTaskList.app/$(BUNDLE_EXECUTABLE_FOLDER_PATH)/BauBuddyTaskList";
			};
			name = Release;
		};
		B35468D7299AE0F700DA9D80 /* Debug */ = {
			isa = XCBuildConfiguration;
			buildSettings = {
				ALWAYS_EMBED_SWIFT_STANDARD_LIBRARIES = YES;
				CODE_SIGN_STYLE = Automatic;
				CURRENT_PROJECT_VERSION = 1;
				DEVELOPMENT_TEAM = 3VFN5926F6;
				GENERATE_INFOPLIST_FILE = YES;
				MARKETING_VERSION = 1.0;
				PRODUCT_BUNDLE_IDENTIFIER = com.senakurtak.BauBuddyTaskListUITests;
				PRODUCT_NAME = "$(TARGET_NAME)";
				SWIFT_EMIT_LOC_STRINGS = NO;
				SWIFT_VERSION = 5.0;
				TARGETED_DEVICE_FAMILY = "1,2";
				TEST_TARGET_NAME = BauBuddyTaskList;
			};
			name = Debug;
		};
		B35468D8299AE0F700DA9D80 /* Release */ = {
			isa = XCBuildConfiguration;
			buildSettings = {
				ALWAYS_EMBED_SWIFT_STANDARD_LIBRARIES = YES;
				CODE_SIGN_STYLE = Automatic;
				CURRENT_PROJECT_VERSION = 1;
				DEVELOPMENT_TEAM = 3VFN5926F6;
				GENERATE_INFOPLIST_FILE = YES;
				MARKETING_VERSION = 1.0;
				PRODUCT_BUNDLE_IDENTIFIER = com.senakurtak.BauBuddyTaskListUITests;
				PRODUCT_NAME = "$(TARGET_NAME)";
				SWIFT_EMIT_LOC_STRINGS = NO;
				SWIFT_VERSION = 5.0;
				TARGETED_DEVICE_FAMILY = "1,2";
				TEST_TARGET_NAME = BauBuddyTaskList;
			};
			name = Release;
		};
/* End XCBuildConfiguration section */

/* Begin XCConfigurationList section */
		B354689E299AE0F400DA9D80 /* Build configuration list for PBXProject "BauBuddyTaskList" */ = {
			isa = XCConfigurationList;
			buildConfigurations = (
				B35468CE299AE0F700DA9D80 /* Debug */,
				B35468CF299AE0F700DA9D80 /* Release */,
			);
			defaultConfigurationIsVisible = 0;
			defaultConfigurationName = Release;
		};
		B35468D0299AE0F700DA9D80 /* Build configuration list for PBXNativeTarget "BauBuddyTaskList" */ = {
			isa = XCConfigurationList;
			buildConfigurations = (
				B35468D1299AE0F700DA9D80 /* Debug */,
				B35468D2299AE0F700DA9D80 /* Release */,
			);
			defaultConfigurationIsVisible = 0;
			defaultConfigurationName = Release;
		};
		B35468D3299AE0F700DA9D80 /* Build configuration list for PBXNativeTarget "BauBuddyTaskListTests" */ = {
			isa = XCConfigurationList;
			buildConfigurations = (
				B35468D4299AE0F700DA9D80 /* Debug */,
				B35468D5299AE0F700DA9D80 /* Release */,
			);
			defaultConfigurationIsVisible = 0;
			defaultConfigurationName = Release;
		};
		B35468D6299AE0F700DA9D80 /* Build configuration list for PBXNativeTarget "BauBuddyTaskListUITests" */ = {
			isa = XCConfigurationList;
			buildConfigurations = (
				B35468D7299AE0F700DA9D80 /* Debug */,
				B35468D8299AE0F700DA9D80 /* Release */,
			);
			defaultConfigurationIsVisible = 0;
			defaultConfigurationName = Release;
		};
/* End XCConfigurationList section */

/* Begin XCRemoteSwiftPackageReference section */
		B35468FE299B76A300DA9D80 /* XCRemoteSwiftPackageReference "SwiftHEXColors" */ = {
			isa = XCRemoteSwiftPackageReference;
			repositoryURL = "https://github.com/thii/SwiftHEXColors.git";
			requirement = {
				kind = upToNextMajorVersion;
				minimumVersion = 1.0.0;
			};
		};
		B3546906299CBB4B00DA9D80 /* XCRemoteSwiftPackageReference "realm-swift" */ = {
			isa = XCRemoteSwiftPackageReference;
			repositoryURL = "https://github.com/realm/realm-swift.git";
			requirement = {
				branch = master;
				kind = branch;
			};
		};
/* End XCRemoteSwiftPackageReference section */

/* Begin XCSwiftPackageProductDependency section */
		B35468FF299B76A300DA9D80 /* SwiftHEXColors */ = {
			isa = XCSwiftPackageProductDependency;
			package = B35468FE299B76A300DA9D80 /* XCRemoteSwiftPackageReference "SwiftHEXColors" */;
			productName = SwiftHEXColors;
		};
		B3546907299CBB4B00DA9D80 /* Realm */ = {
			isa = XCSwiftPackageProductDependency;
			package = B3546906299CBB4B00DA9D80 /* XCRemoteSwiftPackageReference "realm-swift" */;
			productName = Realm;
		};
		B3546909299CBB4B00DA9D80 /* RealmSwift */ = {
			isa = XCSwiftPackageProductDependency;
			package = B3546906299CBB4B00DA9D80 /* XCRemoteSwiftPackageReference "realm-swift" */;
			productName = RealmSwift;
		};
/* End XCSwiftPackageProductDependency section */

/* Begin XCVersionGroup section */
		B35468AF299AE0F500DA9D80 /* BauBuddyTaskList.xcdatamodeld */ = {
			isa = XCVersionGroup;
			children = (
				B35468B0299AE0F500DA9D80 /* BauBuddyTaskList.xcdatamodel */,
			);
			currentVersion = B35468B0299AE0F500DA9D80 /* BauBuddyTaskList.xcdatamodel */;
			path = BauBuddyTaskList.xcdatamodeld;
			sourceTree = "<group>";
			versionGroupType = wrapper.xcdatamodel;
		};
/* End XCVersionGroup section */
	};
	rootObject = B354689B299AE0F400DA9D80 /* Project object */;
}
